
Microsoft Visual Studio Solution File, Format Version 12.00
# Visual Studio 15
VisualStudioVersion = 15.0.28307.168
MinimumVisualStudioVersion = 10.0.40219.1
Project("{9A19103F-16F7-4668-BE54-9A1E7A4F7556}") = "Identity Platform", "Identity Platform\Identity Platform.csproj", "{6C44334F-0B03-4023-87F3-AE4EF4717752}"
EndProject
Project("{FAE04EC0-301F-11D3-BF4B-00C04F79EFBC}") = "Identity.Platform.Tests", "Identity.Platform.Tests\Identity.Platform.Tests.csproj", "{167E6D10-F729-41D3-9D58-8DEE2A9C061E}"
EndProject
Global
	GlobalSection(SolutionConfigurationPlatforms) = preSolution
		Debug|Any CPU = Debug|Any CPU
		Release|Any CPU = Release|Any CPU
	EndGlobalSection
	GlobalSection(ProjectConfigurationPlatforms) = postSolution
		{6C44334F-0B03-4023-87F3-AE4EF4717752}.Debug|Any CPU.ActiveCfg = Debug|Any CPU
		{6C44334F-0B03-4023-87F3-AE4EF4717752}.Debug|Any CPU.Build.0 = Debug|Any CPU
		{6C44334F-0B03-4023-87F3-AE4EF4717752}.Release|Any CPU.ActiveCfg = Release|Any CPU
		{6C44334F-0B03-4023-87F3-AE4EF4717752}.Release|Any CPU.Build.0 = Release|Any CPU
		{167E6D10-F729-41D3-9D58-8DEE2A9C061E}.Debug|Any CPU.ActiveCfg = Debug|Any CPU
		{167E6D10-F729-41D3-9D58-8DEE2A9C061E}.Debug|Any CPU.Build.0 = Debug|Any CPU
		{167E6D10-F729-41D3-9D58-8DEE2A9C061E}.Release|Any CPU.ActiveCfg = Release|Any CPU
		{167E6D10-F729-41D3-9D58-8DEE2A9C061E}.Release|Any CPU.Build.0 = Release|Any CPU
	EndGlobalSection
	GlobalSection(SolutionProperties) = preSolution
		HideSolutionNode = FALSE
	EndGlobalSection
	GlobalSection(ExtensibilityGlobals) = postSolution
		SolutionGuid = {C9A5F1FA-8C42-4C45-9B28-AE6EE23FA730}
	EndGlobalSection
EndGlobal
